// !$*UTF8*$!
{
	archiveVersion = 1;
	classes = {
	};
	objectVersion = 77;
	objects = {

/* Begin PBXBuildFile section */
		EF82CECD2D0C9063007476BF /* SwiftCSV in Frameworks */ = {isa = PBXBuildFile; productRef = EF82CECC2D0C9063007476BF /* SwiftCSV */; };
/* End PBXBuildFile section */

/* Begin PBXContainerItemProxy section */
		EF82CE6F2D0C8BAD007476BF /* PBXContainerItemProxy */ = {
			isa = PBXContainerItemProxy;
			containerPortal = EF82CE552D0C8BAC007476BF /* Project object */;
			proxyType = 1;
			remoteGlobalIDString = EF82CE5C2D0C8BAC007476BF;
			remoteInfo = "ICU(I)P";
		};
		EF82CE792D0C8BAD007476BF /* PBXContainerItemProxy */ = {
			isa = PBXContainerItemProxy;
			containerPortal = EF82CE552D0C8BAC007476BF /* Project object */;
			proxyType = 1;
			remoteGlobalIDString = EF82CE5C2D0C8BAC007476BF;
			remoteInfo = "ICU(I)P";
		};
/* End PBXContainerItemProxy section */

/* Begin PBXFileReference section */
		EF82CE5D2D0C8BAC007476BF /* ICU(I)P.app */ = {isa = PBXFileReference; explicitFileType = wrapper.application; includeInIndex = 0; path = "ICU(I)P.app"; sourceTree = BUILT_PRODUCTS_DIR; };
		EF82CE6E2D0C8BAD007476BF /* ICU(I)PTests.xctest */ = {isa = PBXFileReference; explicitFileType = wrapper.cfbundle; includeInIndex = 0; path = "ICU(I)PTests.xctest"; sourceTree = BUILT_PRODUCTS_DIR; };
		EF82CE782D0C8BAD007476BF /* ICU(I)PUITests.xctest */ = {isa = PBXFileReference; explicitFileType = wrapper.cfbundle; includeInIndex = 0; path = "ICU(I)PUITests.xctest"; sourceTree = BUILT_PRODUCTS_DIR; };
		EF82CEFF2D0C91F9007476BF /* GeoLite2-ASN-Blocks-IPv4.csv */ = {isa = PBXFileReference; lastKnownFileType = text; path = "GeoLite2-ASN-Blocks-IPv4.csv"; sourceTree = "<group>"; };
		EF82CF002D0C91F9007476BF /* GeoLite2-ASN-Blocks-IPv6.csv */ = {isa = PBXFileReference; lastKnownFileType = text; path = "GeoLite2-ASN-Blocks-IPv6.csv"; sourceTree = "<group>"; };
		EF82CF022D0C91F9007476BF /* GeoLite2-City-Blocks-IPv4.csv */ = {isa = PBXFileReference; lastKnownFileType = text; path = "GeoLite2-City-Blocks-IPv4.csv"; sourceTree = "<group>"; };
		EF82CF032D0C91F9007476BF /* GeoLite2-City-Blocks-IPv6.csv */ = {isa = PBXFileReference; lastKnownFileType = text; path = "GeoLite2-City-Blocks-IPv6.csv"; sourceTree = "<group>"; };
		EF82CF042D0C91F9007476BF /* GeoLite2-City-Locations-de.csv */ = {isa = PBXFileReference; lastKnownFileType = text; path = "GeoLite2-City-Locations-de.csv"; sourceTree = "<group>"; };
		EF82CF052D0C91F9007476BF /* GeoLite2-City-Locations-en.csv */ = {isa = PBXFileReference; lastKnownFileType = text; path = "GeoLite2-City-Locations-en.csv"; sourceTree = "<group>"; };
		EF82CF062D0C91F9007476BF /* GeoLite2-City-Locations-es.csv */ = {isa = PBXFileReference; lastKnownFileType = text; path = "GeoLite2-City-Locations-es.csv"; sourceTree = "<group>"; };
		EF82CF072D0C91F9007476BF /* GeoLite2-City-Locations-fr.csv */ = {isa = PBXFileReference; lastKnownFileType = text; path = "GeoLite2-City-Locations-fr.csv"; sourceTree = "<group>"; };
		EF82CF082D0C91F9007476BF /* GeoLite2-City-Locations-ja.csv */ = {isa = PBXFileReference; lastKnownFileType = text; path = "GeoLite2-City-Locations-ja.csv"; sourceTree = "<group>"; };
		EF82CF092D0C91F9007476BF /* GeoLite2-City-Locations-pt-BR.csv */ = {isa = PBXFileReference; lastKnownFileType = text; path = "GeoLite2-City-Locations-pt-BR.csv"; sourceTree = "<group>"; };
		EF82CF0A2D0C91F9007476BF /* GeoLite2-City-Locations-ru.csv */ = {isa = PBXFileReference; lastKnownFileType = text; path = "GeoLite2-City-Locations-ru.csv"; sourceTree = "<group>"; };
		EF82CF0B2D0C91F9007476BF /* GeoLite2-City-Locations-zh-CN.csv */ = {isa = PBXFileReference; lastKnownFileType = text; path = "GeoLite2-City-Locations-zh-CN.csv"; sourceTree = "<group>"; };
		EF82CF0D2D0C91F9007476BF /* GeoLite2-Country-Blocks-IPv4.csv */ = {isa = PBXFileReference; lastKnownFileType = text; path = "GeoLite2-Country-Blocks-IPv4.csv"; sourceTree = "<group>"; };
		EF82CF0E2D0C91F9007476BF /* GeoLite2-Country-Blocks-IPv6.csv */ = {isa = PBXFileReference; lastKnownFileType = text; path = "GeoLite2-Country-Blocks-IPv6.csv"; sourceTree = "<group>"; };
		EF82CF0F2D0C91F9007476BF /* GeoLite2-Country-Locations-de.csv */ = {isa = PBXFileReference; lastKnownFileType = text; path = "GeoLite2-Country-Locations-de.csv"; sourceTree = "<group>"; };
		EF82CF102D0C91F9007476BF /* GeoLite2-Country-Locations-en.csv */ = {isa = PBXFileReference; lastKnownFileType = text; path = "GeoLite2-Country-Locations-en.csv"; sourceTree = "<group>"; };
		EF82CF112D0C91F9007476BF /* GeoLite2-Country-Locations-es.csv */ = {isa = PBXFileReference; lastKnownFileType = text; path = "GeoLite2-Country-Locations-es.csv"; sourceTree = "<group>"; };
		EF82CF122D0C91F9007476BF /* GeoLite2-Country-Locations-fr.csv */ = {isa = PBXFileReference; lastKnownFileType = text; path = "GeoLite2-Country-Locations-fr.csv"; sourceTree = "<group>"; };
		EF82CF132D0C91F9007476BF /* GeoLite2-Country-Locations-ja.csv */ = {isa = PBXFileReference; lastKnownFileType = text; path = "GeoLite2-Country-Locations-ja.csv"; sourceTree = "<group>"; };
		EF82CF142D0C91F9007476BF /* GeoLite2-Country-Locations-pt-BR.csv */ = {isa = PBXFileReference; lastKnownFileType = text; path = "GeoLite2-Country-Locations-pt-BR.csv"; sourceTree = "<group>"; };
		EF82CF152D0C91F9007476BF /* GeoLite2-Country-Locations-ru.csv */ = {isa = PBXFileReference; lastKnownFileType = text; path = "GeoLite2-Country-Locations-ru.csv"; sourceTree = "<group>"; };
		EF82CF162D0C91F9007476BF /* GeoLite2-Country-Locations-zh-CN.csv */ = {isa = PBXFileReference; lastKnownFileType = text; path = "GeoLite2-Country-Locations-zh-CN.csv"; sourceTree = "<group>"; };
/* End PBXFileReference section */

/* Begin PBXFileSystemSynchronizedRootGroup section */
		EF82CE5F2D0C8BAC007476BF /* ICU(I)P */ = {
			isa = PBXFileSystemSynchronizedRootGroup;
			path = "ICU(I)P";
			sourceTree = "<group>";
		};
		EF82CE712D0C8BAD007476BF /* ICU(I)PTests */ = {
			isa = PBXFileSystemSynchronizedRootGroup;
			path = "ICU(I)PTests";
			sourceTree = "<group>";
		};
		EF82CE7B2D0C8BAD007476BF /* ICU(I)PUITests */ = {
			isa = PBXFileSystemSynchronizedRootGroup;
			path = "ICU(I)PUITests";
			sourceTree = "<group>";
		};
/* End PBXFileSystemSynchronizedRootGroup section */

/* Begin PBXFrameworksBuildPhase section */
		EF82CE5A2D0C8BAC007476BF /* Frameworks */ = {
			isa = PBXFrameworksBuildPhase;
			buildActionMask = 2147483647;
			files = (
				EF82CECD2D0C9063007476BF /* SwiftCSV in Frameworks */,
			);
			runOnlyForDeploymentPostprocessing = 0;
		};
		EF82CE6B2D0C8BAD007476BF /* Frameworks */ = {
			isa = PBXFrameworksBuildPhase;
			buildActionMask = 2147483647;
			files = (
			);
			runOnlyForDeploymentPostprocessing = 0;
		};
		EF82CE752D0C8BAD007476BF /* Frameworks */ = {
			isa = PBXFrameworksBuildPhase;
			buildActionMask = 2147483647;
			files = (
			);
			runOnlyForDeploymentPostprocessing = 0;
		};
/* End PBXFrameworksBuildPhase section */

/* Begin PBXGroup section */
		EF82CE542D0C8BAC007476BF = {
			isa = PBXGroup;
			children = (
				EF82CE5F2D0C8BAC007476BF /* ICU(I)P */,
				EF82CE712D0C8BAD007476BF /* ICU(I)PTests */,
				EF82CE7B2D0C8BAD007476BF /* ICU(I)PUITests */,
				EF82CEFE2D0C91F9007476BF /* Frameworks */,
				EF82CE5E2D0C8BAC007476BF /* Products */,
			);
			sourceTree = "<group>";
		};
		EF82CE5E2D0C8BAC007476BF /* Products */ = {
			isa = PBXGroup;
			children = (
				EF82CE5D2D0C8BAC007476BF /* ICU(I)P.app */,
				EF82CE6E2D0C8BAD007476BF /* ICU(I)PTests.xctest */,
				EF82CE782D0C8BAD007476BF /* ICU(I)PUITests.xctest */,
			);
			name = Products;
			sourceTree = "<group>";
		};
		EF82CEFE2D0C91F9007476BF /* Frameworks */ = {
			isa = PBXGroup;
			children = (
				EF82CF182D0C91F9007476BF /* GeoLite2 */,
			);
			name = Frameworks;
			sourceTree = "<group>";
		};
		EF82CF012D0C91F9007476BF /* GeoLite2-ASN-CSV_20241031 */ = {
			isa = PBXGroup;
			children = (
				EF82CEFF2D0C91F9007476BF /* GeoLite2-ASN-Blocks-IPv4.csv */,
				EF82CF002D0C91F9007476BF /* GeoLite2-ASN-Blocks-IPv6.csv */,
			);
			path = "GeoLite2-ASN-CSV_20241031";
			sourceTree = "<group>";
		};
		EF82CF0C2D0C91F9007476BF /* GeoLite2-City-CSV_20241029 */ = {
			isa = PBXGroup;
			children = (
				EF82CF022D0C91F9007476BF /* GeoLite2-City-Blocks-IPv4.csv */,
				EF82CF032D0C91F9007476BF /* GeoLite2-City-Blocks-IPv6.csv */,
				EF82CF042D0C91F9007476BF /* GeoLite2-City-Locations-de.csv */,
				EF82CF052D0C91F9007476BF /* GeoLite2-City-Locations-en.csv */,
				EF82CF062D0C91F9007476BF /* GeoLite2-City-Locations-es.csv */,
				EF82CF072D0C91F9007476BF /* GeoLite2-City-Locations-fr.csv */,
				EF82CF082D0C91F9007476BF /* GeoLite2-City-Locations-ja.csv */,
				EF82CF092D0C91F9007476BF /* GeoLite2-City-Locations-pt-BR.csv */,
				EF82CF0A2D0C91F9007476BF /* GeoLite2-City-Locations-ru.csv */,
				EF82CF0B2D0C91F9007476BF /* GeoLite2-City-Locations-zh-CN.csv */,
			);
			path = "GeoLite2-City-CSV_20241029";
			sourceTree = "<group>";
		};
		EF82CF172D0C91F9007476BF /* GeoLite2-Country-CSV_20241029 */ = {
			isa = PBXGroup;
			children = (
				EF82CF0D2D0C91F9007476BF /* GeoLite2-Country-Blocks-IPv4.csv */,
				EF82CF0E2D0C91F9007476BF /* GeoLite2-Country-Blocks-IPv6.csv */,
				EF82CF0F2D0C91F9007476BF /* GeoLite2-Country-Locations-de.csv */,
				EF82CF102D0C91F9007476BF /* GeoLite2-Country-Locations-en.csv */,
				EF82CF112D0C91F9007476BF /* GeoLite2-Country-Locations-es.csv */,
				EF82CF122D0C91F9007476BF /* GeoLite2-Country-Locations-fr.csv */,
				EF82CF132D0C91F9007476BF /* GeoLite2-Country-Locations-ja.csv */,
				EF82CF142D0C91F9007476BF /* GeoLite2-Country-Locations-pt-BR.csv */,
				EF82CF152D0C91F9007476BF /* GeoLite2-Country-Locations-ru.csv */,
				EF82CF162D0C91F9007476BF /* GeoLite2-Country-Locations-zh-CN.csv */,
			);
			path = "GeoLite2-Country-CSV_20241029";
			sourceTree = "<group>";
		};
		EF82CF182D0C91F9007476BF /* GeoLite2 */ = {
			isa = PBXGroup;
			children = (
				EF82CF012D0C91F9007476BF /* GeoLite2-ASN-CSV_20241031 */,
				EF82CF0C2D0C91F9007476BF /* GeoLite2-City-CSV_20241029 */,
				EF82CF172D0C91F9007476BF /* GeoLite2-Country-CSV_20241029 */,
			);
			name = GeoLite2;
			path = "ICU(I)P/GeoLite2";
			sourceTree = "<group>";
		};
/* End PBXGroup section */

/* Begin PBXNativeTarget section */
		EF82CE5C2D0C8BAC007476BF /* ICU(I)P */ = {
			isa = PBXNativeTarget;
			buildConfigurationList = EF82CE822D0C8BAD007476BF /* Build configuration list for PBXNativeTarget "ICU(I)P" */;
			buildPhases = (
				EF82CE592D0C8BAC007476BF /* Sources */,
				EF82CE5A2D0C8BAC007476BF /* Frameworks */,
				EF82CE5B2D0C8BAC007476BF /* Resources */,
			);
			buildRules = (
			);
			dependencies = (
			);
			fileSystemSynchronizedGroups = (
				EF82CE5F2D0C8BAC007476BF /* ICU(I)P */,
			);
			name = "ICU(I)P";
			packageProductDependencies = (
				EF82CECC2D0C9063007476BF /* SwiftCSV */,
			);
			productName = "ICU(I)P";
			productReference = EF82CE5D2D0C8BAC007476BF /* ICU(I)P.app */;
			productType = "com.apple.product-type.application";
		};
		EF82CE6D2D0C8BAD007476BF /* ICU(I)PTests */ = {
			isa = PBXNativeTarget;
			buildConfigurationList = EF82CE852D0C8BAD007476BF /* Build configuration list for PBXNativeTarget "ICU(I)PTests" */;
			buildPhases = (
				EF82CE6A2D0C8BAD007476BF /* Sources */,
				EF82CE6B2D0C8BAD007476BF /* Frameworks */,
				EF82CE6C2D0C8BAD007476BF /* Resources */,
			);
			buildRules = (
			);
			dependencies = (
				EF82CE702D0C8BAD007476BF /* PBXTargetDependency */,
			);
			fileSystemSynchronizedGroups = (
				EF82CE712D0C8BAD007476BF /* ICU(I)PTests */,
			);
			name = "ICU(I)PTests";
			packageProductDependencies = (
			);
			productName = "ICU(I)PTests";
			productReference = EF82CE6E2D0C8BAD007476BF /* ICU(I)PTests.xctest */;
			productType = "com.apple.product-type.bundle.unit-test";
		};
		EF82CE772D0C8BAD007476BF /* ICU(I)PUITests */ = {
			isa = PBXNativeTarget;
			buildConfigurationList = EF82CE882D0C8BAD007476BF /* Build configuration list for PBXNativeTarget "ICU(I)PUITests" */;
			buildPhases = (
				EF82CE742D0C8BAD007476BF /* Sources */,
				EF82CE752D0C8BAD007476BF /* Frameworks */,
				EF82CE762D0C8BAD007476BF /* Resources */,
			);
			buildRules = (
			);
			dependencies = (
				EF82CE7A2D0C8BAD007476BF /* PBXTargetDependency */,
			);
			fileSystemSynchronizedGroups = (
				EF82CE7B2D0C8BAD007476BF /* ICU(I)PUITests */,
			);
			name = "ICU(I)PUITests";
			packageProductDependencies = (
			);
			productName = "ICU(I)PUITests";
			productReference = EF82CE782D0C8BAD007476BF /* ICU(I)PUITests.xctest */;
			productType = "com.apple.product-type.bundle.ui-testing";
		};
/* End PBXNativeTarget section */

/* Begin PBXProject section */
		EF82CE552D0C8BAC007476BF /* Project object */ = {
			isa = PBXProject;
			attributes = {
				BuildIndependentTargetsInParallel = 1;
				LastSwiftUpdateCheck = 1610;
				LastUpgradeCheck = 1610;
				TargetAttributes = {
					EF82CE5C2D0C8BAC007476BF = {
						CreatedOnToolsVersion = 16.1;
					};
					EF82CE6D2D0C8BAD007476BF = {
						CreatedOnToolsVersion = 16.1;
						TestTargetID = EF82CE5C2D0C8BAC007476BF;
					};
					EF82CE772D0C8BAD007476BF = {
						CreatedOnToolsVersion = 16.1;
						TestTargetID = EF82CE5C2D0C8BAC007476BF;
					};
				};
			};
			buildConfigurationList = EF82CE582D0C8BAC007476BF /* Build configuration list for PBXProject "ICU(I)P" */;
			developmentRegion = en;
			hasScannedForEncodings = 0;
			knownRegions = (
				en,
				Base,
			);
			mainGroup = EF82CE542D0C8BAC007476BF;
			minimizedProjectReferenceProxies = 1;
			packageReferences = (
				EF82CECB2D0C9063007476BF /* XCRemoteSwiftPackageReference "SwiftCSV" */,
			);
			preferredProjectObjectVersion = 77;
			productRefGroup = EF82CE5E2D0C8BAC007476BF /* Products */;
			projectDirPath = "";
			projectRoot = "";
			targets = (
				EF82CE5C2D0C8BAC007476BF /* ICU(I)P */,
				EF82CE6D2D0C8BAD007476BF /* ICU(I)PTests */,
				EF82CE772D0C8BAD007476BF /* ICU(I)PUITests */,
			);
		};
/* End PBXProject section */

/* Begin PBXResourcesBuildPhase section */
		EF82CE5B2D0C8BAC007476BF /* Resources */ = {
			isa = PBXResourcesBuildPhase;
			buildActionMask = 2147483647;
			files = (
			);
			runOnlyForDeploymentPostprocessing = 0;
		};
		EF82CE6C2D0C8BAD007476BF /* Resources */ = {
			isa = PBXResourcesBuildPhase;
			buildActionMask = 2147483647;
			files = (
			);
			runOnlyForDeploymentPostprocessing = 0;
		};
		EF82CE762D0C8BAD007476BF /* Resources */ = {
			isa = PBXResourcesBuildPhase;
			buildActionMask = 2147483647;
			files = (
			);
			runOnlyForDeploymentPostprocessing = 0;
		};
/* End PBXResourcesBuildPhase section */

/* Begin PBXSourcesBuildPhase section */
		EF82CE592D0C8BAC007476BF /* Sources */ = {
			isa = PBXSourcesBuildPhase;
			buildActionMask = 2147483647;
			files = (
			);
			runOnlyForDeploymentPostprocessing = 0;
		};
		EF82CE6A2D0C8BAD007476BF /* Sources */ = {
			isa = PBXSourcesBuildPhase;
			buildActionMask = 2147483647;
			files = (
			);
			runOnlyForDeploymentPostprocessing = 0;
		};
		EF82CE742D0C8BAD007476BF /* Sources */ = {
			isa = PBXSourcesBuildPhase;
			buildActionMask = 2147483647;
			files = (
			);
			runOnlyForDeploymentPostprocessing = 0;
		};
/* End PBXSourcesBuildPhase section */

/* Begin PBXTargetDependency section */
		EF82CE702D0C8BAD007476BF /* PBXTargetDependency */ = {
			isa = PBXTargetDependency;
			target = EF82CE5C2D0C8BAC007476BF /* ICU(I)P */;
			targetProxy = EF82CE6F2D0C8BAD007476BF /* PBXContainerItemProxy */;
		};
		EF82CE7A2D0C8BAD007476BF /* PBXTargetDependency */ = {
			isa = PBXTargetDependency;
			target = EF82CE5C2D0C8BAC007476BF /* ICU(I)P */;
			targetProxy = EF82CE792D0C8BAD007476BF /* PBXContainerItemProxy */;
		};
/* End PBXTargetDependency section */

/* Begin XCBuildConfiguration section */
		EF82CE802D0C8BAD007476BF /* Debug */ = {
			isa = XCBuildConfiguration;
			buildSettings = {
				ALWAYS_SEARCH_USER_PATHS = NO;
				ASSETCATALOG_COMPILER_GENERATE_SWIFT_ASSET_SYMBOL_EXTENSIONS = YES;
				CLANG_ANALYZER_NONNULL = YES;
				CLANG_ANALYZER_NUMBER_OBJECT_CONVERSION = YES_AGGRESSIVE;
				CLANG_CXX_LANGUAGE_STANDARD = "gnu++20";
				CLANG_ENABLE_MODULES = YES;
				CLANG_ENABLE_OBJC_ARC = YES;
				CLANG_ENABLE_OBJC_WEAK = YES;
				CLANG_WARN_BLOCK_CAPTURE_AUTORELEASING = YES;
				CLANG_WARN_BOOL_CONVERSION = YES;
				CLANG_WARN_COMMA = YES;
				CLANG_WARN_CONSTANT_CONVERSION = YES;
				CLANG_WARN_DEPRECATED_OBJC_IMPLEMENTATIONS = YES;
				CLANG_WARN_DIRECT_OBJC_ISA_USAGE = YES_ERROR;
				CLANG_WARN_DOCUMENTATION_COMMENTS = YES;
				CLANG_WARN_EMPTY_BODY = YES;
				CLANG_WARN_ENUM_CONVERSION = YES;
				CLANG_WARN_INFINITE_RECURSION = YES;
				CLANG_WARN_INT_CONVERSION = YES;
				CLANG_WARN_NON_LITERAL_NULL_CONVERSION = YES;
				CLANG_WARN_OBJC_IMPLICIT_RETAIN_SELF = YES;
				CLANG_WARN_OBJC_LITERAL_CONVERSION = YES;
				CLANG_WARN_OBJC_ROOT_CLASS = YES_ERROR;
				CLANG_WARN_QUOTED_INCLUDE_IN_FRAMEWORK_HEADER = YES;
				CLANG_WARN_RANGE_LOOP_ANALYSIS = YES;
				CLANG_WARN_STRICT_PROTOTYPES = YES;
				CLANG_WARN_SUSPICIOUS_MOVE = YES;
				CLANG_WARN_UNGUARDED_AVAILABILITY = YES_AGGRESSIVE;
				CLANG_WARN_UNREACHABLE_CODE = YES;
				CLANG_WARN__DUPLICATE_METHOD_MATCH = YES;
				COPY_PHASE_STRIP = NO;
				DEBUG_INFORMATION_FORMAT = dwarf;
				ENABLE_STRICT_OBJC_MSGSEND = YES;
				ENABLE_TESTABILITY = YES;
				ENABLE_USER_SCRIPT_SANDBOXING = YES;
				GCC_C_LANGUAGE_STANDARD = gnu17;
				GCC_DYNAMIC_NO_PIC = NO;
				GCC_NO_COMMON_BLOCKS = YES;
				GCC_OPTIMIZATION_LEVEL = 0;
				GCC_PREPROCESSOR_DEFINITIONS = (
					"DEBUG=1",
					"$(inherited)",
				);
				GCC_WARN_64_TO_32_BIT_CONVERSION = YES;
				GCC_WARN_ABOUT_RETURN_TYPE = YES_ERROR;
				GCC_WARN_UNDECLARED_SELECTOR = YES;
				GCC_WARN_UNINITIALIZED_AUTOS = YES_AGGRESSIVE;
				GCC_WARN_UNUSED_FUNCTION = YES;
				GCC_WARN_UNUSED_VARIABLE = YES;
				LOCALIZATION_PREFERS_STRING_CATALOGS = YES;
				MTL_ENABLE_DEBUG_INFO = INCLUDE_SOURCE;
				MTL_FAST_MATH = YES;
				ONLY_ACTIVE_ARCH = YES;
				SWIFT_ACTIVE_COMPILATION_CONDITIONS = "DEBUG $(inherited)";
				SWIFT_OPTIMIZATION_LEVEL = "-Onone";
			};
			name = Debug;
		};
		EF82CE812D0C8BAD007476BF /* Release */ = {
			isa = XCBuildConfiguration;
			buildSettings = {
				ALWAYS_SEARCH_USER_PATHS = NO;
				ASSETCATALOG_COMPILER_GENERATE_SWIFT_ASSET_SYMBOL_EXTENSIONS = YES;
				CLANG_ANALYZER_NONNULL = YES;
				CLANG_ANALYZER_NUMBER_OBJECT_CONVERSION = YES_AGGRESSIVE;
				CLANG_CXX_LANGUAGE_STANDARD = "gnu++20";
				CLANG_ENABLE_MODULES = YES;
				CLANG_ENABLE_OBJC_ARC = YES;
				CLANG_ENABLE_OBJC_WEAK = YES;
				CLANG_WARN_BLOCK_CAPTURE_AUTORELEASING = YES;
				CLANG_WARN_BOOL_CONVERSION = YES;
				CLANG_WARN_COMMA = YES;
				CLANG_WARN_CONSTANT_CONVERSION = YES;
				CLANG_WARN_DEPRECATED_OBJC_IMPLEMENTATIONS = YES;
				CLANG_WARN_DIRECT_OBJC_ISA_USAGE = YES_ERROR;
				CLANG_WARN_DOCUMENTATION_COMMENTS = YES;
				CLANG_WARN_EMPTY_BODY = YES;
				CLANG_WARN_ENUM_CONVERSION = YES;
				CLANG_WARN_INFINITE_RECURSION = YES;
				CLANG_WARN_INT_CONVERSION = YES;
				CLANG_WARN_NON_LITERAL_NULL_CONVERSION = YES;
				CLANG_WARN_OBJC_IMPLICIT_RETAIN_SELF = YES;
				CLANG_WARN_OBJC_LITERAL_CONVERSION = YES;
				CLANG_WARN_OBJC_ROOT_CLASS = YES_ERROR;
				CLANG_WARN_QUOTED_INCLUDE_IN_FRAMEWORK_HEADER = YES;
				CLANG_WARN_RANGE_LOOP_ANALYSIS = YES;
				CLANG_WARN_STRICT_PROTOTYPES = YES;
				CLANG_WARN_SUSPICIOUS_MOVE = YES;
				CLANG_WARN_UNGUARDED_AVAILABILITY = YES_AGGRESSIVE;
				CLANG_WARN_UNREACHABLE_CODE = YES;
				CLANG_WARN__DUPLICATE_METHOD_MATCH = YES;
				COPY_PHASE_STRIP = NO;
				DEBUG_INFORMATION_FORMAT = "dwarf-with-dsym";
				ENABLE_NS_ASSERTIONS = NO;
				ENABLE_STRICT_OBJC_MSGSEND = YES;
				ENABLE_USER_SCRIPT_SANDBOXING = YES;
				GCC_C_LANGUAGE_STANDARD = gnu17;
				GCC_NO_COMMON_BLOCKS = YES;
				GCC_WARN_64_TO_32_BIT_CONVERSION = YES;
				GCC_WARN_ABOUT_RETURN_TYPE = YES_ERROR;
				GCC_WARN_UNDECLARED_SELECTOR = YES;
				GCC_WARN_UNINITIALIZED_AUTOS = YES_AGGRESSIVE;
				GCC_WARN_UNUSED_FUNCTION = YES;
				GCC_WARN_UNUSED_VARIABLE = YES;
				LOCALIZATION_PREFERS_STRING_CATALOGS = YES;
				MTL_ENABLE_DEBUG_INFO = NO;
				MTL_FAST_MATH = YES;
				SWIFT_COMPILATION_MODE = wholemodule;
			};
			name = Release;
		};
		EF82CE832D0C8BAD007476BF /* Debug */ = {
			isa = XCBuildConfiguration;
			buildSettings = {
				ASSETCATALOG_COMPILER_APPICON_NAME = AppIcon;
				ASSETCATALOG_COMPILER_GLOBAL_ACCENT_COLOR_NAME = AccentColor;
				CODE_SIGN_ENTITLEMENTS = "ICU(I)P/ICU_I_P.entitlements";
				CODE_SIGN_STYLE = Automatic;
				CURRENT_PROJECT_VERSION = 1;
				DEVELOPMENT_ASSET_PATHS = "\"ICU(I)P/Preview Content\"";
				DEVELOPMENT_TEAM = P6PV2R9443;
				ENABLE_HARDENED_RUNTIME = YES;
				ENABLE_PREVIEWS = YES;
				GENERATE_INFOPLIST_FILE = YES;
				"INFOPLIST_KEY_UIApplicationSceneManifest_Generation[sdk=iphoneos*]" = YES;
				"INFOPLIST_KEY_UIApplicationSceneManifest_Generation[sdk=iphonesimulator*]" = YES;
				"INFOPLIST_KEY_UIApplicationSupportsIndirectInputEvents[sdk=iphoneos*]" = YES;
				"INFOPLIST_KEY_UIApplicationSupportsIndirectInputEvents[sdk=iphonesimulator*]" = YES;
				"INFOPLIST_KEY_UILaunchScreen_Generation[sdk=iphoneos*]" = YES;
				"INFOPLIST_KEY_UILaunchScreen_Generation[sdk=iphonesimulator*]" = YES;
				"INFOPLIST_KEY_UIStatusBarStyle[sdk=iphoneos*]" = UIStatusBarStyleDefault;
				"INFOPLIST_KEY_UIStatusBarStyle[sdk=iphonesimulator*]" = UIStatusBarStyleDefault;
				INFOPLIST_KEY_UISupportedInterfaceOrientations_iPad = "UIInterfaceOrientationPortrait UIInterfaceOrientationPortraitUpsideDown UIInterfaceOrientationLandscapeLeft UIInterfaceOrientationLandscapeRight";
				INFOPLIST_KEY_UISupportedInterfaceOrientations_iPhone = "UIInterfaceOrientationPortrait UIInterfaceOrientationLandscapeLeft UIInterfaceOrientationLandscapeRight";
				IPHONEOS_DEPLOYMENT_TARGET = 18.1;
				LD_RUNPATH_SEARCH_PATHS = "@executable_path/Frameworks";
				"LD_RUNPATH_SEARCH_PATHS[sdk=macosx*]" = "@executable_path/../Frameworks";
				MACOSX_DEPLOYMENT_TARGET = 15.1;
				MARKETING_VERSION = 1.0;
				PRODUCT_BUNDLE_IDENTIFIER = "dev.malted.icuip.ICU-I-P";
				PRODUCT_NAME = "$(TARGET_NAME)";
				SDKROOT = auto;
				SUPPORTED_PLATFORMS = "iphoneos iphonesimulator macosx xros xrsimulator";
				SWIFT_EMIT_LOC_STRINGS = YES;
				SWIFT_VERSION = 5.0;
				TARGETED_DEVICE_FAMILY = "1,2,7";
				XROS_DEPLOYMENT_TARGET = 2.1;
			};
			name = Debug;
		};
		EF82CE842D0C8BAD007476BF /* Release */ = {
			isa = XCBuildConfiguration;
			buildSettings = {
				ASSETCATALOG_COMPILER_APPICON_NAME = AppIcon;
				ASSETCATALOG_COMPILER_GLOBAL_ACCENT_COLOR_NAME = AccentColor;
				CODE_SIGN_ENTITLEMENTS = "ICU(I)P/ICU_I_P.entitlements";
				CODE_SIGN_STYLE = Automatic;
				CURRENT_PROJECT_VERSION = 1;
				DEVELOPMENT_ASSET_PATHS = "\"ICU(I)P/Preview Content\"";
				DEVELOPMENT_TEAM = P6PV2R9443;
				ENABLE_HARDENED_RUNTIME = YES;
				ENABLE_PREVIEWS = YES;
				GENERATE_INFOPLIST_FILE = YES;
				"INFOPLIST_KEY_UIApplicationSceneManifest_Generation[sdk=iphoneos*]" = YES;
				"INFOPLIST_KEY_UIApplicationSceneManifest_Generation[sdk=iphonesimulator*]" = YES;
				"INFOPLIST_KEY_UIApplicationSupportsIndirectInputEvents[sdk=iphoneos*]" = YES;
				"INFOPLIST_KEY_UIApplicationSupportsIndirectInputEvents[sdk=iphonesimulator*]" = YES;
				"INFOPLIST_KEY_UILaunchScreen_Generation[sdk=iphoneos*]" = YES;
				"INFOPLIST_KEY_UILaunchScreen_Generation[sdk=iphonesimulator*]" = YES;
				"INFOPLIST_KEY_UIStatusBarStyle[sdk=iphoneos*]" = UIStatusBarStyleDefault;
				"INFOPLIST_KEY_UIStatusBarStyle[sdk=iphonesimulator*]" = UIStatusBarStyleDefault;
				INFOPLIST_KEY_UISupportedInterfaceOrientations_iPad = "UIInterfaceOrientationPortrait UIInterfaceOrientationPortraitUpsideDown UIInterfaceOrientationLandscapeLeft UIInterfaceOrientationLandscapeRight";
				INFOPLIST_KEY_UISupportedInterfaceOrientations_iPhone = "UIInterfaceOrientationPortrait UIInterfaceOrientationLandscapeLeft UIInterfaceOrientationLandscapeRight";
				IPHONEOS_DEPLOYMENT_TARGET = 18.1;
				LD_RUNPATH_SEARCH_PATHS = "@executable_path/Frameworks";
				"LD_RUNPATH_SEARCH_PATHS[sdk=macosx*]" = "@executable_path/../Frameworks";
				MACOSX_DEPLOYMENT_TARGET = 15.1;
				MARKETING_VERSION = 1.0;
				PRODUCT_BUNDLE_IDENTIFIER = "dev.malted.icuip.ICU-I-P";
				PRODUCT_NAME = "$(TARGET_NAME)";
				SDKROOT = auto;
				SUPPORTED_PLATFORMS = "iphoneos iphonesimulator macosx xros xrsimulator";
				SWIFT_EMIT_LOC_STRINGS = YES;
				SWIFT_VERSION = 5.0;
				TARGETED_DEVICE_FAMILY = "1,2,7";
				XROS_DEPLOYMENT_TARGET = 2.1;
			};
			name = Release;
		};
		EF82CE862D0C8BAD007476BF /* Debug */ = {
			isa = XCBuildConfiguration;
			buildSettings = {
				BUNDLE_LOADER = "$(TEST_HOST)";
				CODE_SIGN_STYLE = Automatic;
				CURRENT_PROJECT_VERSION = 1;
				DEVELOPMENT_TEAM = P6PV2R9443;
				GENERATE_INFOPLIST_FILE = YES;
				IPHONEOS_DEPLOYMENT_TARGET = 18.1;
				MACOSX_DEPLOYMENT_TARGET = 15.1;
				MARKETING_VERSION = 1.0;
				PRODUCT_BUNDLE_IDENTIFIER = "dev.malted.icuip.ICU-I-PTests";
				PRODUCT_NAME = "$(TARGET_NAME)";
				SDKROOT = auto;
				SUPPORTED_PLATFORMS = "iphoneos iphonesimulator macosx xros xrsimulator";
				SWIFT_EMIT_LOC_STRINGS = NO;
				SWIFT_VERSION = 5.0;
				TARGETED_DEVICE_FAMILY = "1,2,7";
				TEST_HOST = "$(BUILT_PRODUCTS_DIR)/ICU(I)P.app/$(BUNDLE_EXECUTABLE_FOLDER_PATH)/ICU(I)P";
				XROS_DEPLOYMENT_TARGET = 2.1;
			};
			name = Debug;
		};
		EF82CE872D0C8BAD007476BF /* Release */ = {
			isa = XCBuildConfiguration;
			buildSettings = {
				BUNDLE_LOADER = "$(TEST_HOST)";
				CODE_SIGN_STYLE = Automatic;
				CURRENT_PROJECT_VERSION = 1;
				DEVELOPMENT_TEAM = P6PV2R9443;
				GENERATE_INFOPLIST_FILE = YES;
				IPHONEOS_DEPLOYMENT_TARGET = 18.1;
				MACOSX_DEPLOYMENT_TARGET = 15.1;
				MARKETING_VERSION = 1.0;
				PRODUCT_BUNDLE_IDENTIFIER = "dev.malted.icuip.ICU-I-PTests";
				PRODUCT_NAME = "$(TARGET_NAME)";
				SDKROOT = auto;
				SUPPORTED_PLATFORMS = "iphoneos iphonesimulator macosx xros xrsimulator";
				SWIFT_EMIT_LOC_STRINGS = NO;
				SWIFT_VERSION = 5.0;
				TARGETED_DEVICE_FAMILY = "1,2,7";
				TEST_HOST = "$(BUILT_PRODUCTS_DIR)/ICU(I)P.app/$(BUNDLE_EXECUTABLE_FOLDER_PATH)/ICU(I)P";
				XROS_DEPLOYMENT_TARGET = 2.1;
			};
			name = Release;
		};
		EF82CE892D0C8BAD007476BF /* Debug */ = {
			isa = XCBuildConfiguration;
			buildSettings = {
				CODE_SIGN_STYLE = Automatic;
				CURRENT_PROJECT_VERSION = 1;
				DEVELOPMENT_TEAM = P6PV2R9443;
				GENERATE_INFOPLIST_FILE = YES;
				IPHONEOS_DEPLOYMENT_TARGET = 18.1;
				MACOSX_DEPLOYMENT_TARGET = 15.1;
				MARKETING_VERSION = 1.0;
				PRODUCT_BUNDLE_IDENTIFIER = "dev.malted.icuip.ICU-I-PUITests";
				PRODUCT_NAME = "$(TARGET_NAME)";
				SDKROOT = auto;
				SUPPORTED_PLATFORMS = "iphoneos iphonesimulator macosx xros xrsimulator";
				SWIFT_EMIT_LOC_STRINGS = NO;
				SWIFT_VERSION = 5.0;
				TARGETED_DEVICE_FAMILY = "1,2,7";
				TEST_TARGET_NAME = "ICU(I)P";
				XROS_DEPLOYMENT_TARGET = 2.1;
			};
			name = Debug;
		};
		EF82CE8A2D0C8BAD007476BF /* Release */ = {
			isa = XCBuildConfiguration;
			buildSettings = {
				CODE_SIGN_STYLE = Automatic;
				CURRENT_PROJECT_VERSION = 1;
				DEVELOPMENT_TEAM = P6PV2R9443;
				GENERATE_INFOPLIST_FILE = YES;
				IPHONEOS_DEPLOYMENT_TARGET = 18.1;
				MACOSX_DEPLOYMENT_TARGET = 15.1;
				MARKETING_VERSION = 1.0;
				PRODUCT_BUNDLE_IDENTIFIER = "dev.malted.icuip.ICU-I-PUITests";
				PRODUCT_NAME = "$(TARGET_NAME)";
				SDKROOT = auto;
				SUPPORTED_PLATFORMS = "iphoneos iphonesimulator macosx xros xrsimulator";
				SWIFT_EMIT_LOC_STRINGS = NO;
				SWIFT_VERSION = 5.0;
				TARGETED_DEVICE_FAMILY = "1,2,7";
				TEST_TARGET_NAME = "ICU(I)P";
				XROS_DEPLOYMENT_TARGET = 2.1;
			};
			name = Release;
		};
/* End XCBuildConfiguration section */

/* Begin XCConfigurationList section */
		EF82CE582D0C8BAC007476BF /* Build configuration list for PBXProject "ICU(I)P" */ = {
			isa = XCConfigurationList;
			buildConfigurations = (
				EF82CE802D0C8BAD007476BF /* Debug */,
				EF82CE812D0C8BAD007476BF /* Release */,
			);
			defaultConfigurationIsVisible = 0;
			defaultConfigurationName = Release;
		};
		EF82CE822D0C8BAD007476BF /* Build configuration list for PBXNativeTarget "ICU(I)P" */ = {
			isa = XCConfigurationList;
			buildConfigurations = (
				EF82CE832D0C8BAD007476BF /* Debug */,
				EF82CE842D0C8BAD007476BF /* Release */,
			);
			defaultConfigurationIsVisible = 0;
			defaultConfigurationName = Release;
		};
		EF82CE852D0C8BAD007476BF /* Build configuration list for PBXNativeTarget "ICU(I)PTests" */ = {
			isa = XCConfigurationList;
			buildConfigurations = (
				EF82CE862D0C8BAD007476BF /* Debug */,
				EF82CE872D0C8BAD007476BF /* Release */,
			);
			defaultConfigurationIsVisible = 0;
			defaultConfigurationName = Release;
		};
		EF82CE882D0C8BAD007476BF /* Build configuration list for PBXNativeTarget "ICU(I)PUITests" */ = {
			isa = XCConfigurationList;
			buildConfigurations = (
				EF82CE892D0C8BAD007476BF /* Debug */,
				EF82CE8A2D0C8BAD007476BF /* Release */,
			);
			defaultConfigurationIsVisible = 0;
			defaultConfigurationName = Release;
		};
/* End XCConfigurationList section */

/* Begin XCRemoteSwiftPackageReference section */
		EF82CECB2D0C9063007476BF /* XCRemoteSwiftPackageReference "SwiftCSV" */ = {
			isa = XCRemoteSwiftPackageReference;
			repositoryURL = "https://github.com/swiftcsv/SwiftCSV.git";
			requirement = {
				kind = upToNextMajorVersion;
				minimumVersion = 0.10.0;
			};
		};
/* End XCRemoteSwiftPackageReference section */

/* Begin XCSwiftPackageProductDependency section */
		EF82CECC2D0C9063007476BF /* SwiftCSV */ = {
			isa = XCSwiftPackageProductDependency;
			package = EF82CECB2D0C9063007476BF /* XCRemoteSwiftPackageReference "SwiftCSV" */;
			productName = SwiftCSV;
		};
/* End XCSwiftPackageProductDependency section */
	};
	rootObject = EF82CE552D0C8BAC007476BF /* Project object */;
}
